// !$*UTF8*$!
{
	archiveVersion = 1;
	classes = {
	};
	objectVersion = 51;
	objects = {

/* Begin PBXBuildFile section */
		6D5B7F6F1E16D9D32170E184 /* Pods_SearchImage.framework in Frameworks */ = {isa = PBXBuildFile; fileRef = 26E915A8A9EE26598D8F2D68 /* Pods_SearchImage.framework */; };
		D146363D25DA54590067694B /* AppDelegate.swift in Sources */ = {isa = PBXBuildFile; fileRef = D146363C25DA54590067694B /* AppDelegate.swift */; };
		D146363F25DA54590067694B /* SceneDelegate.swift in Sources */ = {isa = PBXBuildFile; fileRef = D146363E25DA54590067694B /* SceneDelegate.swift */; };
		D146364125DA54590067694B /* ViewController.swift in Sources */ = {isa = PBXBuildFile; fileRef = D146364025DA54590067694B /* ViewController.swift */; };
		D146364425DA54590067694B /* Main.storyboard in Resources */ = {isa = PBXBuildFile; fileRef = D146364225DA54590067694B /* Main.storyboard */; };
		D146364625DA545C0067694B /* Assets.xcassets in Resources */ = {isa = PBXBuildFile; fileRef = D146364525DA545C0067694B /* Assets.xcassets */; };
		D146364925DA545C0067694B /* LaunchScreen.storyboard in Resources */ = {isa = PBXBuildFile; fileRef = D146364725DA545C0067694B /* LaunchScreen.storyboard */; };
		D146365225DA64DD0067694B /* ImageCollectionViewCell.swift in Sources */ = {isa = PBXBuildFile; fileRef = D146365125DA64DD0067694B /* ImageCollectionViewCell.swift */; };
		D146365525DA65760067694B /* ImageModel.swift in Sources */ = {isa = PBXBuildFile; fileRef = D146365425DA65760067694B /* ImageModel.swift */; };
		D146365E25DA95550067694B /* RequsetAPI.swift in Sources */ = {isa = PBXBuildFile; fileRef = D146365D25DA95550067694B /* RequsetAPI.swift */; };
		D146366725DAB9410067694B /* ImageListViewModel.swift in Sources */ = {isa = PBXBuildFile; fileRef = D146366625DAB9410067694B /* ImageListViewModel.swift */; };
/* End PBXBuildFile section */

/* Begin PBXFileReference section */
		26E915A8A9EE26598D8F2D68 /* Pods_SearchImage.framework */ = {isa = PBXFileReference; explicitFileType = wrapper.framework; includeInIndex = 0; path = Pods_SearchImage.framework; sourceTree = BUILT_PRODUCTS_DIR; };
		488BCE8E138C3FA5B1C3C381 /* Pods-SearchImage.debug.xcconfig */ = {isa = PBXFileReference; includeInIndex = 1; lastKnownFileType = text.xcconfig; name = "Pods-SearchImage.debug.xcconfig"; path = "Target Support Files/Pods-SearchImage/Pods-SearchImage.debug.xcconfig"; sourceTree = "<group>"; };
		D146363925DA54590067694B /* SearchImage.app */ = {isa = PBXFileReference; explicitFileType = wrapper.application; includeInIndex = 0; path = SearchImage.app; sourceTree = BUILT_PRODUCTS_DIR; };
		D146363C25DA54590067694B /* AppDelegate.swift */ = {isa = PBXFileReference; lastKnownFileType = sourcecode.swift; path = AppDelegate.swift; sourceTree = "<group>"; };
		D146363E25DA54590067694B /* SceneDelegate.swift */ = {isa = PBXFileReference; lastKnownFileType = sourcecode.swift; path = SceneDelegate.swift; sourceTree = "<group>"; };
		D146364025DA54590067694B /* ViewController.swift */ = {isa = PBXFileReference; lastKnownFileType = sourcecode.swift; path = ViewController.swift; sourceTree = "<group>"; };
		D146364325DA54590067694B /* Base */ = {isa = PBXFileReference; lastKnownFileType = file.storyboard; name = Base; path = Base.lproj/Main.storyboard; sourceTree = "<group>"; };
		D146364525DA545C0067694B /* Assets.xcassets */ = {isa = PBXFileReference; lastKnownFileType = folder.assetcatalog; path = Assets.xcassets; sourceTree = "<group>"; };
		D146364825DA545C0067694B /* Base */ = {isa = PBXFileReference; lastKnownFileType = file.storyboard; name = Base; path = Base.lproj/LaunchScreen.storyboard; sourceTree = "<group>"; };
		D146364A25DA545C0067694B /* Info.plist */ = {isa = PBXFileReference; lastKnownFileType = text.plist.xml; path = Info.plist; sourceTree = "<group>"; };
		D146365125DA64DD0067694B /* ImageCollectionViewCell.swift */ = {isa = PBXFileReference; lastKnownFileType = sourcecode.swift; path = ImageCollectionViewCell.swift; sourceTree = "<group>"; };
		D146365425DA65760067694B /* ImageModel.swift */ = {isa = PBXFileReference; lastKnownFileType = sourcecode.swift; path = ImageModel.swift; sourceTree = "<group>"; };
		D146365D25DA95550067694B /* RequsetAPI.swift */ = {isa = PBXFileReference; lastKnownFileType = sourcecode.swift; path = RequsetAPI.swift; sourceTree = "<group>"; };
		D146366625DAB9410067694B /* ImageListViewModel.swift */ = {isa = PBXFileReference; lastKnownFileType = sourcecode.swift; path = ImageListViewModel.swift; sourceTree = "<group>"; };
		D93B358E2B77261D941C3C52 /* Pods-SearchImage.release.xcconfig */ = {isa = PBXFileReference; includeInIndex = 1; lastKnownFileType = text.xcconfig; name = "Pods-SearchImage.release.xcconfig"; path = "Target Support Files/Pods-SearchImage/Pods-SearchImage.release.xcconfig"; sourceTree = "<group>"; };
/* End PBXFileReference section */

/* Begin PBXFrameworksBuildPhase section */
		D146363625DA54590067694B /* Frameworks */ = {
			isa = PBXFrameworksBuildPhase;
			buildActionMask = 2147483647;
			files = (
				6D5B7F6F1E16D9D32170E184 /* Pods_SearchImage.framework in Frameworks */,
			);
			runOnlyForDeploymentPostprocessing = 0;
		};
/* End PBXFrameworksBuildPhase section */

/* Begin PBXGroup section */
		46746DECCE228AC321D2E715 /* Pods */ = {
			isa = PBXGroup;
			children = (
				488BCE8E138C3FA5B1C3C381 /* Pods-SearchImage.debug.xcconfig */,
				D93B358E2B77261D941C3C52 /* Pods-SearchImage.release.xcconfig */,
			);
			path = Pods;
			sourceTree = "<group>";
		};
		5E0B5FBE8BB0DCC77D2573AE /* Frameworks */ = {
			isa = PBXGroup;
			children = (
				26E915A8A9EE26598D8F2D68 /* Pods_SearchImage.framework */,
			);
			name = Frameworks;
			sourceTree = "<group>";
		};
		D146363025DA54590067694B = {
			isa = PBXGroup;
			children = (
				D146363B25DA54590067694B /* SearchImage */,
				D146363A25DA54590067694B /* Products */,
				46746DECCE228AC321D2E715 /* Pods */,
				5E0B5FBE8BB0DCC77D2573AE /* Frameworks */,
			);
			sourceTree = "<group>";
		};
		D146363A25DA54590067694B /* Products */ = {
			isa = PBXGroup;
			children = (
				D146363925DA54590067694B /* SearchImage.app */,
			);
			name = Products;
			sourceTree = "<group>";
		};
		D146363B25DA54590067694B /* SearchImage */ = {
			isa = PBXGroup;
			children = (
				D146363C25DA54590067694B /* AppDelegate.swift */,
				D146363E25DA54590067694B /* SceneDelegate.swift */,
				D146365425DA65760067694B /* ImageModel.swift */,
				D146364025DA54590067694B /* ViewController.swift */,
				D146365D25DA95550067694B /* RequsetAPI.swift */,
				D146365125DA64DD0067694B /* ImageCollectionViewCell.swift */,
				D146366625DAB9410067694B /* ImageListViewModel.swift */,
				D146364225DA54590067694B /* Main.storyboard */,
				D146364525DA545C0067694B /* Assets.xcassets */,
				D146364725DA545C0067694B /* LaunchScreen.storyboard */,
				D146364A25DA545C0067694B /* Info.plist */,
			);
			path = SearchImage;
			sourceTree = "<group>";
		};
/* End PBXGroup section */

/* Begin PBXNativeTarget section */
		D146363825DA54590067694B /* SearchImage */ = {
			isa = PBXNativeTarget;
			buildConfigurationList = D146364D25DA545C0067694B /* Build configuration list for PBXNativeTarget "SearchImage" */;
			buildPhases = (
				68F81F4D14E15312876B624B /* [CP] Check Pods Manifest.lock */,
				D146363525DA54590067694B /* Sources */,
				D146363625DA54590067694B /* Frameworks */,
				D146363725DA54590067694B /* Resources */,
				EC719EC1CB3659D6FDF406D1 /* [CP] Embed Pods Frameworks */,
			);
			buildRules = (
			);
			dependencies = (
			);
			name = SearchImage;
			productName = SearchImage;
			productReference = D146363925DA54590067694B /* SearchImage.app */;
			productType = "com.apple.product-type.application";
		};
/* End PBXNativeTarget section */

/* Begin PBXProject section */
		D146363125DA54590067694B /* Project object */ = {
			isa = PBXProject;
			attributes = {
				LastSwiftUpdateCheck = 1240;
				LastUpgradeCheck = 1240;
				TargetAttributes = {
					D146363825DA54590067694B = {
						CreatedOnToolsVersion = 12.4;
					};
				};
			};
			buildConfigurationList = D146363425DA54590067694B /* Build configuration list for PBXProject "SearchImage" */;
			compatibilityVersion = "Xcode 9.3";
			developmentRegion = en;
			hasScannedForEncodings = 0;
			knownRegions = (
				en,
				Base,
			);
			mainGroup = D146363025DA54590067694B;
			productRefGroup = D146363A25DA54590067694B /* Products */;
			projectDirPath = "";
			projectRoot = "";
			targets = (
				D146363825DA54590067694B /* SearchImage */,
			);
		};
/* End PBXProject section */

/* Begin PBXResourcesBuildPhase section */
		D146363725DA54590067694B /* Resources */ = {
			isa = PBXResourcesBuildPhase;
			buildActionMask = 2147483647;
			files = (
				D146364925DA545C0067694B /* LaunchScreen.storyboard in Resources */,
				D146364625DA545C0067694B /* Assets.xcassets in Resources */,
				D146364425DA54590067694B /* Main.storyboard in Resources */,
			);
			runOnlyForDeploymentPostprocessing = 0;
		};
/* End PBXResourcesBuildPhase section */

/* Begin PBXShellScriptBuildPhase section */
		68F81F4D14E15312876B624B /* [CP] Check Pods Manifest.lock */ = {
			isa = PBXShellScriptBuildPhase;
			buildActionMask = 2147483647;
			files = (
			);
			inputFileListPaths = (
			);
			inputPaths = (
				"${PODS_PODFILE_DIR_PATH}/Podfile.lock",
				"${PODS_ROOT}/Manifest.lock",
			);
			name = "[CP] Check Pods Manifest.lock";
			outputFileListPaths = (
			);
			outputPaths = (
				"$(DERIVED_FILE_DIR)/Pods-SearchImage-checkManifestLockResult.txt",
			);
			runOnlyForDeploymentPostprocessing = 0;
			shellPath = /bin/sh;
			shellScript = "diff \"${PODS_PODFILE_DIR_PATH}/Podfile.lock\" \"${PODS_ROOT}/Manifest.lock\" > /dev/null\nif [ $? != 0 ] ; then\n    # print error to STDERR\n    echo \"error: The sandbox is not in sync with the Podfile.lock. Run 'pod install' or update your CocoaPods installation.\" >&2\n    exit 1\nfi\n# This output is used by Xcode 'outputs' to avoid re-running this script phase.\necho \"SUCCESS\" > \"${SCRIPT_OUTPUT_FILE_0}\"\n";
			showEnvVarsInLog = 0;
		};
		EC719EC1CB3659D6FDF406D1 /* [CP] Embed Pods Frameworks */ = {
			isa = PBXShellScriptBuildPhase;
			buildActionMask = 2147483647;
			files = (
			);
			inputFileListPaths = (
				"${PODS_ROOT}/Target Support Files/Pods-SearchImage/Pods-SearchImage-frameworks-${CONFIGURATION}-input-files.xcfilelist",
			);
			name = "[CP] Embed Pods Frameworks";
			outputFileListPaths = (
				"${PODS_ROOT}/Target Support Files/Pods-SearchImage/Pods-SearchImage-frameworks-${CONFIGURATION}-output-files.xcfilelist",
			);
			runOnlyForDeploymentPostprocessing = 0;
			shellPath = /bin/sh;
			shellScript = "\"${PODS_ROOT}/Target Support Files/Pods-SearchImage/Pods-SearchImage-frameworks.sh\"\n";
			showEnvVarsInLog = 0;
		};
/* End PBXShellScriptBuildPhase section */

/* Begin PBXSourcesBuildPhase section */
		D146363525DA54590067694B /* Sources */ = {
			isa = PBXSourcesBuildPhase;
			buildActionMask = 2147483647;
			files = (
				D146364125DA54590067694B /* ViewController.swift in Sources */,
				D146363D25DA54590067694B /* AppDelegate.swift in Sources */,
				D146365225DA64DD0067694B /* ImageCollectionViewCell.swift in Sources */,
				D146363F25DA54590067694B /* SceneDelegate.swift in Sources */,
				D146365E25DA95550067694B /* RequsetAPI.swift in Sources */,
				D146365525DA65760067694B /* ImageModel.swift in Sources */,
				D146366725DAB9410067694B /* ImageListViewModel.swift in Sources */,
			);
			runOnlyForDeploymentPostprocessing = 0;
		};
/* End PBXSourcesBuildPhase section */

/* Begin PBXVariantGroup section */
		D146364225DA54590067694B /* Main.storyboard */ = {
			isa = PBXVariantGroup;
			children = (
				D146364325DA54590067694B /* Base */,
			);
			name = Main.storyboard;
			sourceTree = "<group>";
		};
		D146364725DA545C0067694B /* LaunchScreen.storyboard */ = {
			isa = PBXVariantGroup;
			children = (
				D146364825DA545C0067694B /* Base */,
			);
			name = LaunchScreen.storyboard;
			sourceTree = "<group>";
		};
/* End PBXVariantGroup section */

/* Begin XCBuildConfiguration section */
		D146364B25DA545C0067694B /* Debug */ = {
			isa = XCBuildConfiguration;
			buildSettings = {
				ALWAYS_SEARCH_USER_PATHS = NO;
				CLANG_ANALYZER_NONNULL = YES;
				CLANG_ANALYZER_NUMBER_OBJECT_CONVERSION = YES_AGGRESSIVE;
				CLANG_CXX_LANGUAGE_STANDARD = "gnu++14";
				CLANG_CXX_LIBRARY = "libc++";
				CLANG_ENABLE_MODULES = YES;
				CLANG_ENABLE_OBJC_ARC = YES;
				CLANG_ENABLE_OBJC_WEAK = YES;
				CLANG_WARN_BLOCK_CAPTURE_AUTORELEASING = YES;
				CLANG_WARN_BOOL_CONVERSION = YES;
				CLANG_WARN_COMMA = YES;
				CLANG_WARN_CONSTANT_CONVERSION = YES;
				CLANG_WARN_DEPRECATED_OBJC_IMPLEMENTATIONS = YES;
				CLANG_WARN_DIRECT_OBJC_ISA_USAGE = YES_ERROR;
				CLANG_WARN_DOCUMENTATION_COMMENTS = YES;
				CLANG_WARN_EMPTY_BODY = YES;
				CLANG_WARN_ENUM_CONVERSION = YES;
				CLANG_WARN_INFINITE_RECURSION = YES;
				CLANG_WARN_INT_CONVERSION = YES;
				CLANG_WARN_NON_LITERAL_NULL_CONVERSION = YES;
				CLANG_WARN_OBJC_IMPLICIT_RETAIN_SELF = YES;
				CLANG_WARN_OBJC_LITERAL_CONVERSION = YES;
				CLANG_WARN_OBJC_ROOT_CLASS = YES_ERROR;
				CLANG_WARN_QUOTED_INCLUDE_IN_FRAMEWORK_HEADER = YES;
				CLANG_WARN_RANGE_LOOP_ANALYSIS = YES;
				CLANG_WARN_STRICT_PROTOTYPES = YES;
				CLANG_WARN_SUSPICIOUS_MOVE = YES;
				CLANG_WARN_UNGUARDED_AVAILABILITY = YES_AGGRESSIVE;
				CLANG_WARN_UNREACHABLE_CODE = YES;
				CLANG_WARN__DUPLICATE_METHOD_MATCH = YES;
				COPY_PHASE_STRIP = NO;
				DEBUG_INFORMATION_FORMAT = dwarf;
				ENABLE_STRICT_OBJC_MSGSEND = YES;
				ENABLE_TESTABILITY = YES;
				GCC_C_LANGUAGE_STANDARD = gnu11;
				GCC_DYNAMIC_NO_PIC = NO;
				GCC_NO_COMMON_BLOCKS = YES;
				GCC_OPTIMIZATION_LEVEL = 0;
				GCC_PREPROCESSOR_DEFINITIONS = (
					"DEBUG=1",
					"$(inherited)",
				);
				GCC_WARN_64_TO_32_BIT_CONVERSION = YES;
				GCC_WARN_ABOUT_RETURN_TYPE = YES_ERROR;
				GCC_WARN_UNDECLARED_SELECTOR = YES;
				GCC_WARN_UNINITIALIZED_AUTOS = YES_AGGRESSIVE;
				GCC_WARN_UNUSED_FUNCTION = YES;
				GCC_WARN_UNUSED_VARIABLE = YES;
				IPHONEOS_DEPLOYMENT_TARGET = 14.4;
				MTL_ENABLE_DEBUG_INFO = INCLUDE_SOURCE;
				MTL_FAST_MATH = YES;
				ONLY_ACTIVE_ARCH = YES;
				SDKROOT = iphoneos;
				SWIFT_ACTIVE_COMPILATION_CONDITIONS = DEBUG;
				SWIFT_OPTIMIZATION_LEVEL = "-Onone";
			};
			name = Debug;
		};
		D146364C25DA545C0067694B /* Release */ = {
			isa = XCBuildConfiguration;
			buildSettings = {
				ALWAYS_SEARCH_USER_PATHS = NO;
				CLANG_ANALYZER_NONNULL = YES;
				CLANG_ANALYZER_NUMBER_OBJECT_CONVERSION = YES_AGGRESSIVE;
				CLANG_CXX_LANGUAGE_STANDARD = "gnu++14";
				CLANG_CXX_LIBRARY = "libc++";
				CLANG_ENABLE_MODULES = YES;
				CLANG_ENABLE_OBJC_ARC = YES;
				CLANG_ENABLE_OBJC_WEAK = YES;
				CLANG_WARN_BLOCK_CAPTURE_AUTORELEASING = YES;
				CLANG_WARN_BOOL_CONVERSION = YES;
				CLANG_WARN_COMMA = YES;
				CLANG_WARN_CONSTANT_CONVERSION = YES;
				CLANG_WARN_DEPRECATED_OBJC_IMPLEMENTATIONS = YES;
				CLANG_WARN_DIRECT_OBJC_ISA_USAGE = YES_ERROR;
				CLANG_WARN_DOCUMENTATION_COMMENTS = YES;
				CLANG_WARN_EMPTY_BODY = YES;
				CLANG_WARN_ENUM_CONVERSION = YES;
				CLANG_WARN_INFINITE_RECURSION = YES;
				CLANG_WARN_INT_CONVERSION = YES;
				CLANG_WARN_NON_LITERAL_NULL_CONVERSION = YES;
				CLANG_WARN_OBJC_IMPLICIT_RETAIN_SELF = YES;
				CLANG_WARN_OBJC_LITERAL_CONVERSION = YES;
				CLANG_WARN_OBJC_ROOT_CLASS = YES_ERROR;
				CLANG_WARN_QUOTED_INCLUDE_IN_FRAMEWORK_HEADER = YES;
				CLANG_WARN_RANGE_LOOP_ANALYSIS = YES;
				CLANG_WARN_STRICT_PROTOTYPES = YES;
				CLANG_WARN_SUSPICIOUS_MOVE = YES;
				CLANG_WARN_UNGUARDED_AVAILABILITY = YES_AGGRESSIVE;
				CLANG_WARN_UNREACHABLE_CODE = YES;
				CLANG_WARN__DUPLICATE_METHOD_MATCH = YES;
				COPY_PHASE_STRIP = NO;
				DEBUG_INFORMATION_FORMAT = "dwarf-with-dsym";
				ENABLE_NS_ASSERTIONS = NO;
				ENABLE_STRICT_OBJC_MSGSEND = YES;
				GCC_C_LANGUAGE_STANDARD = gnu11;
				GCC_NO_COMMON_BLOCKS = YES;
				GCC_WARN_64_TO_32_BIT_CONVERSION = YES;
				GCC_WARN_ABOUT_RETURN_TYPE = YES_ERROR;
				GCC_WARN_UNDECLARED_SELECTOR = YES;
				GCC_WARN_UNINITIALIZED_AUTOS = YES_AGGRESSIVE;
				GCC_WARN_UNUSED_FUNCTION = YES;
				GCC_WARN_UNUSED_VARIABLE = YES;
				IPHONEOS_DEPLOYMENT_TARGET = 14.4;
				MTL_ENABLE_DEBUG_INFO = NO;
				MTL_FAST_MATH = YES;
				SDKROOT = iphoneos;
				SWIFT_COMPILATION_MODE = wholemodule;
				SWIFT_OPTIMIZATION_LEVEL = "-O";
				VALIDATE_PRODUCT = YES;
			};
			name = Release;
		};
		D146364E25DA545C0067694B /* Debug */ = {
			isa = XCBuildConfiguration;
			baseConfigurationReference = 488BCE8E138C3FA5B1C3C381 /* Pods-SearchImage.debug.xcconfig */;
			buildSettings = {
				ASSETCATALOG_COMPILER_APPICON_NAME = AppIcon;
				ASSETCATALOG_COMPILER_GLOBAL_ACCENT_COLOR_NAME = AccentColor;
				CODE_SIGN_STYLE = Automatic;
				DEVELOPMENT_TEAM = HU86N788J6;
				INFOPLIST_FILE = SearchImage/Info.plist;
				LD_RUNPATH_SEARCH_PATHS = (
					"$(inherited)",
					"@executable_path/Frameworks",
				);
				PRODUCT_BUNDLE_IDENTIFIER = kr.xoul.SearchImage;
				PRODUCT_NAME = "$(TARGET_NAME)";
				SWIFT_VERSION = 5.0;
				TARGETED_DEVICE_FAMILY = "1,2";
			};
			name = Debug;
		};
		D146364F25DA545C0067694B /* Release */ = {
			isa = XCBuildConfiguration;
			baseConfigurationReference = D93B358E2B77261D941C3C52 /* Pods-SearchImage.release.xcconfig */;
			buildSettings = {
				ASSETCATALOG_COMPILER_APPICON_NAME = AppIcon;
				ASSETCATALOG_COMPILER_GLOBAL_ACCENT_COLOR_NAME = AccentColor;
				CODE_SIGN_STYLE = Automatic;
				DEVELOPMENT_TEAM = HU86N788J6;
				INFOPLIST_FILE = SearchImage/Info.plist;
				LD_RUNPATH_SEARCH_PATHS = (
					"$(inherited)",
					"@executable_path/Frameworks",
				);
				PRODUCT_BUNDLE_IDENTIFIER = kr.xoul.SearchImage;
				PRODUCT_NAME = "$(TARGET_NAME)";
				SWIFT_VERSION = 5.0;
				TARGETED_DEVICE_FAMILY = "1,2";
			};
			name = Release;
		};
/* End XCBuildConfiguration section */

/* Begin XCConfigurationList section */
		D146363425DA54590067694B /* Build configuration list for PBXProject "SearchImage" */ = {
			isa = XCConfigurationList;
			buildConfigurations = (
				D146364B25DA545C0067694B /* Debug */,
				D146364C25DA545C0067694B /* Release */,
			);
			defaultConfigurationIsVisible = 0;
			defaultConfigurationName = Release;
		};
		D146364D25DA545C0067694B /* Build configuration list for PBXNativeTarget "SearchImage" */ = {
			isa = XCConfigurationList;
			buildConfigurations = (
				D146364E25DA545C0067694B /* Debug */,
				D146364F25DA545C0067694B /* Release */,
			);
			defaultConfigurationIsVisible = 0;
			defaultConfigurationName = Release;
		};
/* End XCConfigurationList section */
	};
	rootObject = D146363125DA54590067694B /* Project object */;
}
